
Microsoft Visual Studio Solution File, Format Version 12.00
# Visual Studio Version 17
VisualStudioVersion = 17.2.32526.322
MinimumVisualStudioVersion = 10.0.40219.1
Project("{FAE04EC0-301F-11D3-BF4B-00C04F79EFBC}") = "Exercicio1", "Exercicio1\Exercicio1.csproj", "{2139F1CC-94D8-447E-B8FF-D2D66A313B43}"
EndProject
Project("{FAE04EC0-301F-11D3-BF4B-00C04F79EFBC}") = "Exercicio2", "Exercicio2\Exercicio2.csproj", "{34B9F304-6396-4ED8-A067-803D81340AFC}"
EndProject
Project("{FAE04EC0-301F-11D3-BF4B-00C04F79EFBC}") = "Exercicio3", "Exercicio3\Exercicio3.csproj", "{B15221A8-7193-43F4-86FD-D7D40F4861D3}"
EndProject
Project("{FAE04EC0-301F-11D3-BF4B-00C04F79EFBC}") = "Exercicio4", "Exercicio4\Exercicio4.csproj", "{6DA02226-86C6-4F00-9898-C3A524B12A32}"
EndProject
Project("{FAE04EC0-301F-11D3-BF4B-00C04F79EFBC}") = "Exercicio5", "Exercicio5\Exercicio5.csproj", "{1DF6A02B-376D-4949-99E5-1A432C41E13E}"
EndProject
Global
	GlobalSection(SolutionConfigurationPlatforms) = preSolution
		Debug|Any CPU = Debug|Any CPU
		Release|Any CPU = Release|Any CPU
	EndGlobalSection
	GlobalSection(ProjectConfigurationPlatforms) = postSolution
		{2139F1CC-94D8-447E-B8FF-D2D66A313B43}.Debug|Any CPU.ActiveCfg = Debug|Any CPU
		{2139F1CC-94D8-447E-B8FF-D2D66A313B43}.Debug|Any CPU.Build.0 = Debug|Any CPU
		{2139F1CC-94D8-447E-B8FF-D2D66A313B43}.Release|Any CPU.ActiveCfg = Release|Any CPU
		{2139F1CC-94D8-447E-B8FF-D2D66A313B43}.Release|Any CPU.Build.0 = Release|Any CPU
		{34B9F304-6396-4ED8-A067-803D81340AFC}.Debug|Any CPU.ActiveCfg = Debug|Any CPU
		{34B9F304-6396-4ED8-A067-803D81340AFC}.Debug|Any CPU.Build.0 = Debug|Any CPU
		{34B9F304-6396-4ED8-A067-803D81340AFC}.Release|Any CPU.ActiveCfg = Release|Any CPU
		{34B9F304-6396-4ED8-A067-803D81340AFC}.Release|Any CPU.Build.0 = Release|Any CPU
		{B15221A8-7193-43F4-86FD-D7D40F4861D3}.Debug|Any CPU.ActiveCfg = Debug|Any CPU
		{B15221A8-7193-43F4-86FD-D7D40F4861D3}.Debug|Any CPU.Build.0 = Debug|Any CPU
		{B15221A8-7193-43F4-86FD-D7D40F4861D3}.Release|Any CPU.ActiveCfg = Release|Any CPU
		{B15221A8-7193-43F4-86FD-D7D40F4861D3}.Release|Any CPU.Build.0 = Release|Any CPU
		{6DA02226-86C6-4F00-9898-C3A524B12A32}.Debug|Any CPU.ActiveCfg = Debug|Any CPU
		{6DA02226-86C6-4F00-9898-C3A524B12A32}.Debug|Any CPU.Build.0 = Debug|Any CPU
		{6DA02226-86C6-4F00-9898-C3A524B12A32}.Release|Any CPU.ActiveCfg = Release|Any CPU
		{6DA02226-86C6-4F00-9898-C3A524B12A32}.Release|Any CPU.Build.0 = Release|Any CPU
		{1DF6A02B-376D-4949-99E5-1A432C41E13E}.Debug|Any CPU.ActiveCfg = Debug|Any CPU
		{1DF6A02B-376D-4949-99E5-1A432C41E13E}.Debug|Any CPU.Build.0 = Debug|Any CPU
		{1DF6A02B-376D-4949-99E5-1A432C41E13E}.Release|Any CPU.ActiveCfg = Release|Any CPU
		{1DF6A02B-376D-4949-99E5-1A432C41E13E}.Release|Any CPU.Build.0 = Release|Any CPU
	EndGlobalSection
	GlobalSection(SolutionProperties) = preSolution
		HideSolutionNode = FALSE
	EndGlobalSection
	GlobalSection(ExtensibilityGlobals) = postSolution
		SolutionGuid = {04AE435C-5E98-4E8C-856A-7092A06415E9}
	EndGlobalSection
EndGlobal
